// !$*UTF8*$!
{
	archiveVersion = 1;
	classes = {
	};
	objectVersion = 77;
	objects = {

/* Begin PBXBuildFile section */
		D1AB5A062FF476E200D6D5EB /* WidgetKit.framework in Frameworks */ = {isa = PBXBuildFile; fileRef = D1AB5A052FF476E200D6D5EB /* WidgetKit.framework */; };
		D1AB5A082FF476E200D6D5EB /* SwiftUI.framework in Frameworks */ = {isa = PBXBuildFile; fileRef = D1AB5A072FF476E200D6D5EB /* SwiftUI.framework */; };
		D1AB5A192FF476E300D6D5EB /* FilPinnedWidgetExtension.appex in Embed Foundation Extensions */ = {isa = PBXBuildFile; fileRef = D1AB5A032FF476E200D6D5EB /* FilPinnedWidgetExtension.appex */; settings = {ATTRIBUTES = (RemoveHeadersOnCopy, ); }; };
		D1CB73B02FF491FB00C0E269 /* FilShareExtension.appex in Embed Foundation Extensions */ = {isa = PBXBuildFile; fileRef = D1CB73A62FF491FB00C0E269 /* FilShareExtension.appex */; settings = {ATTRIBUTES = (RemoveHeadersOnCopy, ); }; };
/* End PBXBuildFile section */

/* Begin PBXContainerItemProxy section */
		D1AB5A172FF476E300D6D5EB /* PBXContainerItemProxy */ = {
			isa = PBXContainerItemProxy;
			containerPortal = D11FBF362FA40BDB00FB77E8 /* Project object */;
			proxyType = 1;
			remoteGlobalIDString = D1AB5A022FF476E200D6D5EB;
			remoteInfo = FilPinnedWidgetExtension;
		};
		D1CB73AE2FF491FB00C0E269 /* PBXContainerItemProxy */ = {
			isa = PBXContainerItemProxy;
			containerPortal = D11FBF362FA40BDB00FB77E8 /* Project object */;
			proxyType = 1;
			remoteGlobalIDString = D1CB73A52FF491FB00C0E269;
			remoteInfo = FilShareExtension;
		};
/* End PBXContainerItemProxy section */

/* Begin PBXCopyFilesBuildPhase section */
		D1AB5A1E2FF476E300D6D5EB /* Embed Foundation Extensions */ = {
			isa = PBXCopyFilesBuildPhase;
			buildActionMask = 2147483647;
			dstPath = "";
			dstSubfolderSpec = 13;
			files = (
				D1CB73B02FF491FB00C0E269 /* FilShareExtension.appex in Embed Foundation Extensions */,
				D1AB5A192FF476E300D6D5EB /* FilPinnedWidgetExtension.appex in Embed Foundation Extensions */,
			);
			name = "Embed Foundation Extensions";
			runOnlyForDeploymentPostprocessing = 0;
		};
/* End PBXCopyFilesBuildPhase section */

/* Begin PBXFileReference section */
		D11FBF3E2FA40BDC00FB77E8 /* Fil.app */ = {isa = PBXFileReference; explicitFileType = wrapper.application; includeInIndex = 0; path = Fil.app; sourceTree = BUILT_PRODUCTS_DIR; };
		D1AB5A032FF476E200D6D5EB /* FilPinnedWidgetExtension.appex */ = {isa = PBXFileReference; explicitFileType = "wrapper.app-extension"; includeInIndex = 0; path = FilPinnedWidgetExtension.appex; sourceTree = BUILT_PRODUCTS_DIR; };
		D1AB5A052FF476E200D6D5EB /* WidgetKit.framework */ = {isa = PBXFileReference; lastKnownFileType = wrapper.framework; name = WidgetKit.framework; path = System/Library/Frameworks/WidgetKit.framework; sourceTree = SDKROOT; };
		D1AB5A072FF476E200D6D5EB /* SwiftUI.framework */ = {isa = PBXFileReference; lastKnownFileType = wrapper.framework; name = SwiftUI.framework; path = System/Library/Frameworks/SwiftUI.framework; sourceTree = SDKROOT; };
		D1CB73A62FF491FB00C0E269 /* FilShareExtension.appex */ = {isa = PBXFileReference; explicitFileType = "wrapper.app-extension"; includeInIndex = 0; path = FilShareExtension.appex; sourceTree = BUILT_PRODUCTS_DIR; };
		D1CB73B72FF4949E00C0E269 /* FilPinnedWidgetExtension.entitlements */ = {isa = PBXFileReference; lastKnownFileType = text.plist.entitlements; path = FilPinnedWidgetExtension.entitlements; sourceTree = "<group>"; };
/* End PBXFileReference section */

/* Begin PBXFileSystemSynchronizedBuildFileExceptionSet section */
		73AE6534D40942B097306C40 /* Exceptions for "FilPinnedWidget" folder in "Fil" target */ = {
			isa = PBXFileSystemSynchronizedBuildFileExceptionSet;
			membershipExceptions = (
				FilCaptureControlIntents.swift,
			);
			target = D11FBF3D2FA40BDB00FB77E8 /* Fil */;
		};
		D1AB59FE2FF4766E00D6D5EB /* Exceptions for "Fil" folder in "Fil" target */ = {
			isa = PBXFileSystemSynchronizedBuildFileExceptionSet;
			membershipExceptions = (
				Info.plist,
			);
			target = D11FBF3D2FA40BDB00FB77E8 /* Fil */;
		};
		D1AB5A1D2FF476E300D6D5EB /* Exceptions for "FilPinnedWidget" folder in "FilPinnedWidgetExtension" target */ = {
			isa = PBXFileSystemSynchronizedBuildFileExceptionSet;
			membershipExceptions = (
				Info.plist,
			);
			target = D1AB5A022FF476E200D6D5EB /* FilPinnedWidgetExtension */;
		};
		D1CB73B42FF491FB00C0E269 /* Exceptions for "FilShareExtension" folder in "FilShareExtension" target */ = {
			isa = PBXFileSystemSynchronizedBuildFileExceptionSet;
			membershipExceptions = (
				Info.plist,
			);
			target = D1CB73A52FF491FB00C0E269 /* FilShareExtension */;
		};
		D1CB73BA2FF495A000C0E269 /* Exceptions for "Fil" folder in "FilShareExtension" target */ = {
			isa = PBXFileSystemSynchronizedBuildFileExceptionSet;
			membershipExceptions = (
				Services/SharedDraftInbox.swift,
			);
			target = D1CB73A52FF491FB00C0E269 /* FilShareExtension */;
		};
/* End PBXFileSystemSynchronizedBuildFileExceptionSet section */

/* Begin PBXFileSystemSynchronizedRootGroup section */
		D11FBF402FA40BDC00FB77E8 /* Fil */ = {
			isa = PBXFileSystemSynchronizedRootGroup;
			exceptions = (
				D1AB59FE2FF4766E00D6D5EB /* Exceptions for "Fil" folder in "Fil" target */,
				D1CB73BA2FF495A000C0E269 /* Exceptions for "Fil" folder in "FilShareExtension" target */,
			);
			path = Fil;
			sourceTree = "<group>";
		};
		D1AB5A092FF476E200D6D5EB /* FilPinnedWidget */ = {
			isa = PBXFileSystemSynchronizedRootGroup;
			exceptions = (
				73AE6534D40942B097306C40 /* Exceptions for "FilPinnedWidget" folder in "Fil" target */,
				D1AB5A1D2FF476E300D6D5EB /* Exceptions for "FilPinnedWidget" folder in "FilPinnedWidgetExtension" target */,
			);
			path = FilPinnedWidget;
			sourceTree = "<group>";
		};
		D1CB73A72FF491FB00C0E269 /* FilShareExtension */ = {
			isa = PBXFileSystemSynchronizedRootGroup;
			exceptions = (
				D1CB73B42FF491FB00C0E269 /* Exceptions for "FilShareExtension" folder in "FilShareExtension" target */,
			);
			path = FilShareExtension;
			sourceTree = "<group>";
		};
/* End PBXFileSystemSynchronizedRootGroup section */

/* Begin PBXFrameworksBuildPhase section */
		D11FBF3B2FA40BDB00FB77E8 /* Frameworks */ = {
			isa = PBXFrameworksBuildPhase;
			buildActionMask = 2147483647;
			files = (
			);
			runOnlyForDeploymentPostprocessing = 0;
		};
		D1AB5A002FF476E200D6D5EB /* Frameworks */ = {
			isa = PBXFrameworksBuildPhase;
			buildActionMask = 2147483647;
			files = (
				D1AB5A082FF476E200D6D5EB /* SwiftUI.framework in Frameworks */,
				D1AB5A062FF476E200D6D5EB /* WidgetKit.framework in Frameworks */,
			);
			runOnlyForDeploymentPostprocessing = 0;
		};
		D1CB73A32FF491FB00C0E269 /* Frameworks */ = {
			isa = PBXFrameworksBuildPhase;
			buildActionMask = 2147483647;
			files = (
			);
			runOnlyForDeploymentPostprocessing = 0;
		};
/* End PBXFrameworksBuildPhase section */

/* Begin PBXGroup section */
		D11FBF352FA40BDB00FB77E8 = {
			isa = PBXGroup;
			children = (
				D1CB73B72FF4949E00C0E269 /* FilPinnedWidgetExtension.entitlements */,
				D11FBF402FA40BDC00FB77E8 /* Fil */,
				D1AB5A092FF476E200D6D5EB /* FilPinnedWidget */,
				D1CB73A72FF491FB00C0E269 /* FilShareExtension */,
				D1AB5A042FF476E200D6D5EB /* Frameworks */,
				D11FBF3F2FA40BDC00FB77E8 /* Products */,
				D15011D62FAB991F007F7F52 /* Resources */,
			);
			sourceTree = "<group>";
		};
		D11FBF3F2FA40BDC00FB77E8 /* Products */ = {
			isa = PBXGroup;
			children = (
				D11FBF3E2FA40BDC00FB77E8 /* Fil.app */,
				D1AB5A032FF476E200D6D5EB /* FilPinnedWidgetExtension.appex */,
				D1CB73A62FF491FB00C0E269 /* FilShareExtension.appex */,
			);
			name = Products;
			sourceTree = "<group>";
		};
		D15011D62FAB991F007F7F52 /* Resources */ = {
			isa = PBXGroup;
			children = (
				D15011D72FAB991F007F7F52 /* Audio */,
			);
			path = Resources;
			sourceTree = "<group>";
		};
		D15011D72FAB991F007F7F52 /* Audio */ = {
			isa = PBXGroup;
			children = (
			);
			path = Audio;
			sourceTree = "<group>";
		};
		D1AB5A042FF476E200D6D5EB /* Frameworks */ = {
			isa = PBXGroup;
			children = (
				D1AB5A052FF476E200D6D5EB /* WidgetKit.framework */,
				D1AB5A072FF476E200D6D5EB /* SwiftUI.framework */,
			);
			name = Frameworks;
			sourceTree = "<group>";
		};
/* End PBXGroup section */

/* Begin PBXNativeTarget section */
		D11FBF3D2FA40BDB00FB77E8 /* Fil */ = {
			isa = PBXNativeTarget;
			buildConfigurationList = D11FBF492FA40BDC00FB77E8 /* Build configuration list for PBXNativeTarget "Fil" */;
			buildPhases = (
				D11FBF3A2FA40BDB00FB77E8 /* Sources */,
				D11FBF3B2FA40BDB00FB77E8 /* Frameworks */,
				D11FBF3C2FA40BDB00FB77E8 /* Resources */,
				D1AB5A1E2FF476E300D6D5EB /* Embed Foundation Extensions */,
			);
			buildRules = (
			);
			dependencies = (
				D1AB5A182FF476E300D6D5EB /* PBXTargetDependency */,
				D1CB73AF2FF491FB00C0E269 /* PBXTargetDependency */,
			);
			fileSystemSynchronizedGroups = (
				D11FBF402FA40BDC00FB77E8 /* Fil */,
			);
			name = Fil;
			packageProductDependencies = (
			);
			productName = Fil;
			productReference = D11FBF3E2FA40BDC00FB77E8 /* Fil.app */;
			productType = "com.apple.product-type.application";
		};
		D1AB5A022FF476E200D6D5EB /* FilPinnedWidgetExtension */ = {
			isa = PBXNativeTarget;
			buildConfigurationList = D1AB5A1A2FF476E300D6D5EB /* Build configuration list for PBXNativeTarget "FilPinnedWidgetExtension" */;
			buildPhases = (
				D1AB59FF2FF476E200D6D5EB /* Sources */,
				D1AB5A002FF476E200D6D5EB /* Frameworks */,
				D1AB5A012FF476E200D6D5EB /* Resources */,
			);
			buildRules = (
			);
			dependencies = (
			);
			fileSystemSynchronizedGroups = (
				D1AB5A092FF476E200D6D5EB /* FilPinnedWidget */,
			);
			name = FilPinnedWidgetExtension;
			packageProductDependencies = (
			);
			productName = FilPinnedWidgetExtension;
			productReference = D1AB5A032FF476E200D6D5EB /* FilPinnedWidgetExtension.appex */;
			productType = "com.apple.product-type.app-extension";
		};
		D1CB73A52FF491FB00C0E269 /* FilShareExtension */ = {
			isa = PBXNativeTarget;
			buildConfigurationList = D1CB73B32FF491FB00C0E269 /* Build configuration list for PBXNativeTarget "FilShareExtension" */;
			buildPhases = (
				D1CB73A22FF491FB00C0E269 /* Sources */,
				D1CB73A32FF491FB00C0E269 /* Frameworks */,
				D1CB73A42FF491FB00C0E269 /* Resources */,
			);
			buildRules = (
			);
			dependencies = (
			);
			fileSystemSynchronizedGroups = (
				D1CB73A72FF491FB00C0E269 /* FilShareExtension */,
			);
			name = FilShareExtension;
			packageProductDependencies = (
			);
			productName = FilShareExtension;
			productReference = D1CB73A62FF491FB00C0E269 /* FilShareExtension.appex */;
			productType = "com.apple.product-type.app-extension";
		};
/* End PBXNativeTarget section */

/* Begin PBXProject section */
		D11FBF362FA40BDB00FB77E8 /* Project object */ = {
			isa = PBXProject;
			attributes = {
				BuildIndependentTargetsInParallel = 1;
				LastSwiftUpdateCheck = 2700;
				LastUpgradeCheck = 2640;
				TargetAttributes = {
					D11FBF3D2FA40BDB00FB77E8 = {
						CreatedOnToolsVersion = 26.4.1;
					};
					D1AB5A022FF476E200D6D5EB = {
						CreatedOnToolsVersion = 26.6;
					};
					D1CB73A52FF491FB00C0E269 = {
						CreatedOnToolsVersion = 27.0;
					};
				};
			};
			buildConfigurationList = D11FBF392FA40BDB00FB77E8 /* Build configuration list for PBXProject "Fil" */;
			developmentRegion = en;
			hasScannedForEncodings = 0;
			knownRegions = (
				en,
				Base,
			);
			mainGroup = D11FBF352FA40BDB00FB77E8;
			minimizedProjectReferenceProxies = 1;
			preferredProjectObjectVersion = 77;
			productRefGroup = D11FBF3F2FA40BDC00FB77E8 /* Products */;
			projectDirPath = "";
			projectRoot = "";
			targets = (
				D11FBF3D2FA40BDB00FB77E8 /* Fil */,
				D1AB5A022FF476E200D6D5EB /* FilPinnedWidgetExtension */,
				D1CB73A52FF491FB00C0E269 /* FilShareExtension */,
			);
		};
/* End PBXProject section */

/* Begin PBXResourcesBuildPhase section */
		D11FBF3C2FA40BDB00FB77E8 /* Resources */ = {
			isa = PBXResourcesBuildPhase;
			buildActionMask = 2147483647;
			files = (
			);
			runOnlyForDeploymentPostprocessing = 0;
		};
		D1AB5A012FF476E200D6D5EB /* Resources */ = {
			isa = PBXResourcesBuildPhase;
			buildActionMask = 2147483647;
			files = (
			);
			runOnlyForDeploymentPostprocessing = 0;
		};
		D1CB73A42FF491FB00C0E269 /* Resources */ = {
			isa = PBXResourcesBuildPhase;
			buildActionMask = 2147483647;
			files = (
			);
			runOnlyForDeploymentPostprocessing = 0;
		};
/* End PBXResourcesBuildPhase section */

/* Begin PBXSourcesBuildPhase section */
		D11FBF3A2FA40BDB00FB77E8 /* Sources */ = {
			isa = PBXSourcesBuildPhase;
			buildActionMask = 2147483647;
			files = (
			);
			runOnlyForDeploymentPostprocessing = 0;
		};
		D1AB59FF2FF476E200D6D5EB /* Sources */ = {
			isa = PBXSourcesBuildPhase;
			buildActionMask = 2147483647;
			files = (
			);
			runOnlyForDeploymentPostprocessing = 0;
		};
		D1CB73A22FF491FB00C0E269 /* Sources */ = {
			isa = PBXSourcesBuildPhase;
			buildActionMask = 2147483647;
			files = (
			);
			runOnlyForDeploymentPostprocessing = 0;
		};
/* End PBXSourcesBuildPhase section */

/* Begin PBXTargetDependency section */
		D1AB5A182FF476E300D6D5EB /* PBXTargetDependency */ = {
			isa = PBXTargetDependency;
			target = D1AB5A022FF476E200D6D5EB /* FilPinnedWidgetExtension */;
			targetProxy = D1AB5A172FF476E300D6D5EB /* PBXContainerItemProxy */;
		};
		D1CB73AF2FF491FB00C0E269 /* PBXTargetDependency */ = {
			isa = PBXTargetDependency;
			target = D1CB73A52FF491FB00C0E269 /* FilShareExtension */;
			targetProxy = D1CB73AE2FF491FB00C0E269 /* PBXContainerItemProxy */;
		};
/* End PBXTargetDependency section */

/* Begin XCBuildConfiguration section */
		D11FBF472FA40BDC00FB77E8 /* Debug */ = {
			isa = XCBuildConfiguration;
			buildSettings = {
				ALWAYS_SEARCH_USER_PATHS = NO;
				ASSETCATALOG_COMPILER_GENERATE_SWIFT_ASSET_SYMBOL_EXTENSIONS = YES;
				CLANG_ANALYZER_NONNULL = YES;
				CLANG_ANALYZER_NUMBER_OBJECT_CONVERSION = YES_AGGRESSIVE;
				CLANG_CXX_LANGUAGE_STANDARD = "gnu++20";
				CLANG_ENABLE_MODULES = YES;
				CLANG_ENABLE_OBJC_ARC = YES;
				CLANG_ENABLE_OBJC_WEAK = YES;
				CLANG_WARN_BLOCK_CAPTURE_AUTORELEASING = YES;
				CLANG_WARN_BOOL_CONVERSION = YES;
				CLANG_WARN_COMMA = YES;
				CLANG_WARN_CONSTANT_CONVERSION = YES;
				CLANG_WARN_DEPRECATED_OBJC_IMPLEMENTATIONS = YES;
				CLANG_WARN_DIRECT_OBJC_ISA_USAGE = YES_ERROR;
				CLANG_WARN_DOCUMENTATION_COMMENTS = YES;
				CLANG_WARN_EMPTY_BODY = YES;
				CLANG_WARN_ENUM_CONVERSION = YES;
				CLANG_WARN_INFINITE_RECURSION = YES;
				CLANG_WARN_INT_CONVERSION = YES;
				CLANG_WARN_NON_LITERAL_NULL_CONVERSION = YES;
				CLANG_WARN_OBJC_IMPLICIT_RETAIN_SELF = YES;
				CLANG_WARN_OBJC_LITERAL_CONVERSION = YES;
				CLANG_WARN_OBJC_ROOT_CLASS = YES_ERROR;
				CLANG_WARN_QUOTED_INCLUDE_IN_FRAMEWORK_HEADER = YES;
				CLANG_WARN_RANGE_LOOP_ANALYSIS = YES;
				CLANG_WARN_STRICT_PROTOTYPES = YES;
				CLANG_WARN_SUSPICIOUS_MOVE = YES;
				CLANG_WARN_UNGUARDED_AVAILABILITY = YES_AGGRESSIVE;
				CLANG_WARN_UNREACHABLE_CODE = YES;
				CLANG_WARN__DUPLICATE_METHOD_MATCH = YES;
				COPY_PHASE_STRIP = NO;
				DEBUG_INFORMATION_FORMAT = dwarf;
				DEVELOPMENT_TEAM = T89Z7YKXVC;
				ENABLE_STRICT_OBJC_MSGSEND = YES;
				ENABLE_TESTABILITY = YES;
				ENABLE_USER_SCRIPT_SANDBOXING = YES;
				GCC_C_LANGUAGE_STANDARD = gnu17;
				GCC_DYNAMIC_NO_PIC = NO;
				GCC_NO_COMMON_BLOCKS = YES;
				GCC_OPTIMIZATION_LEVEL = 0;
				GCC_PREPROCESSOR_DEFINITIONS = (
					"DEBUG=1",
					"$(inherited)",
				);
				GCC_WARN_64_TO_32_BIT_CONVERSION = YES;
				GCC_WARN_ABOUT_RETURN_TYPE = YES_ERROR;
				GCC_WARN_UNDECLARED_SELECTOR = YES;
				GCC_WARN_UNINITIALIZED_AUTOS = YES_AGGRESSIVE;
				GCC_WARN_UNUSED_FUNCTION = YES;
				GCC_WARN_UNUSED_VARIABLE = YES;
				LOCALIZATION_PREFERS_STRING_CATALOGS = YES;
				MTL_ENABLE_DEBUG_INFO = INCLUDE_SOURCE;
				MTL_FAST_MATH = YES;
				ONLY_ACTIVE_ARCH = YES;
				SWIFT_ACTIVE_COMPILATION_CONDITIONS = "DEBUG $(inherited)";
				SWIFT_OPTIMIZATION_LEVEL = "-Onone";
			};
			name = Debug;
		};
		D11FBF482FA40BDC00FB77E8 /* Release */ = {
			isa = XCBuildConfiguration;
			buildSettings = {
				ALWAYS_SEARCH_USER_PATHS = NO;
				ASSETCATALOG_COMPILER_GENERATE_SWIFT_ASSET_SYMBOL_EXTENSIONS = YES;
				CLANG_ANALYZER_NONNULL = YES;
				CLANG_ANALYZER_NUMBER_OBJECT_CONVERSION = YES_AGGRESSIVE;
				CLANG_CXX_LANGUAGE_STANDARD = "gnu++20";
				CLANG_ENABLE_MODULES = YES;
				CLANG_ENABLE_OBJC_ARC = YES;
				CLANG_ENABLE_OBJC_WEAK = YES;
				CLANG_WARN_BLOCK_CAPTURE_AUTORELEASING = YES;
				CLANG_WARN_BOOL_CONVERSION = YES;
				CLANG_WARN_COMMA = YES;
				CLANG_WARN_CONSTANT_CONVERSION = YES;
				CLANG_WARN_DEPRECATED_OBJC_IMPLEMENTATIONS = YES;
				CLANG_WARN_DIRECT_OBJC_ISA_USAGE = YES_ERROR;
				CLANG_WARN_DOCUMENTATION_COMMENTS = YES;
				CLANG_WARN_EMPTY_BODY = YES;
				CLANG_WARN_ENUM_CONVERSION = YES;
				CLANG_WARN_INFINITE_RECURSION = YES;
				CLANG_WARN_INT_CONVERSION = YES;
				CLANG_WARN_NON_LITERAL_NULL_CONVERSION = YES;
				CLANG_WARN_OBJC_IMPLICIT_RETAIN_SELF = YES;
				CLANG_WARN_OBJC_LITERAL_CONVERSION = YES;
				CLANG_WARN_OBJC_ROOT_CLASS = YES_ERROR;
				CLANG_WARN_QUOTED_INCLUDE_IN_FRAMEWORK_HEADER = YES;
				CLANG_WARN_RANGE_LOOP_ANALYSIS = YES;
				CLANG_WARN_STRICT_PROTOTYPES = YES;
				CLANG_WARN_SUSPICIOUS_MOVE = YES;
				CLANG_WARN_UNGUARDED_AVAILABILITY = YES_AGGRESSIVE;
				CLANG_WARN_UNREACHABLE_CODE = YES;
				CLANG_WARN__DUPLICATE_METHOD_MATCH = YES;
				COPY_PHASE_STRIP = NO;
				DEBUG_INFORMATION_FORMAT = "dwarf-with-dsym";
				DEVELOPMENT_TEAM = T89Z7YKXVC;
				ENABLE_NS_ASSERTIONS = NO;
				ENABLE_STRICT_OBJC_MSGSEND = YES;
				ENABLE_USER_SCRIPT_SANDBOXING = YES;
				GCC_C_LANGUAGE_STANDARD = gnu17;
				GCC_NO_COMMON_BLOCKS = YES;
				GCC_WARN_64_TO_32_BIT_CONVERSION = YES;
				GCC_WARN_ABOUT_RETURN_TYPE = YES_ERROR;
				GCC_WARN_UNDECLARED_SELECTOR = YES;
				GCC_WARN_UNINITIALIZED_AUTOS = YES_AGGRESSIVE;
				GCC_WARN_UNUSED_FUNCTION = YES;
				GCC_WARN_UNUSED_VARIABLE = YES;
				LOCALIZATION_PREFERS_STRING_CATALOGS = YES;
				MTL_ENABLE_DEBUG_INFO = NO;
				MTL_FAST_MATH = YES;
				SWIFT_COMPILATION_MODE = wholemodule;
			};
			name = Release;
		};
		D11FBF4A2FA40BDC00FB77E8 /* Debug */ = {
			isa = XCBuildConfiguration;
			buildSettings = {
				ASSETCATALOG_COMPILER_APPICON_NAME = AppIcon;
				ASSETCATALOG_COMPILER_GLOBAL_ACCENT_COLOR_NAME = AccentColor;
				ASSETCATALOG_COMPILER_INCLUDE_ALL_APPICON_ASSETS = YES;
				CODE_SIGN_ENTITLEMENTS = Fil/Fil.entitlements;
				CODE_SIGN_IDENTITY = "Apple Development";
				CODE_SIGN_STYLE = Automatic;
				CURRENT_PROJECT_VERSION = 1;
				DEVELOPMENT_TEAM = T89Z7YKXVC;
				ENABLE_APP_SANDBOX = YES;
				ENABLE_HARDENED_RUNTIME = YES;
				ENABLE_PREVIEWS = YES;
				ENABLE_USER_SELECTED_FILES = readonly;
				GENERATE_INFOPLIST_FILE = YES;
				INFOPLIST_FILE = Fil/Info.plist;
				INFOPLIST_KEY_ITSAppUsesNonExemptEncryption = NO;
				INFOPLIST_KEY_NSCameraUsageDescription = "Fil needs camera access so you can add photos to your notes.";
				INFOPLIST_KEY_NSMicrophoneUsageDescription = "Fil needs access to your microphone to record voice notes.";
				INFOPLIST_KEY_NSSpeechRecognitionUsageDescription = "Fil transcribes your voice recordings into text on your device so it can title and save your notes.";
				"INFOPLIST_KEY_UIApplicationSceneManifest_Generation[sdk=iphoneos*]" = YES;
				"INFOPLIST_KEY_UIApplicationSceneManifest_Generation[sdk=iphonesimulator*]" = YES;
				"INFOPLIST_KEY_UIApplicationSupportsIndirectInputEvents[sdk=iphoneos*]" = YES;
				"INFOPLIST_KEY_UIApplicationSupportsIndirectInputEvents[sdk=iphonesimulator*]" = YES;
				"INFOPLIST_KEY_UILaunchScreen_Generation[sdk=iphoneos*]" = YES;
				"INFOPLIST_KEY_UILaunchScreen_Generation[sdk=iphonesimulator*]" = YES;
				"INFOPLIST_KEY_UIStatusBarStyle[sdk=iphoneos*]" = UIStatusBarStyleDefault;
				"INFOPLIST_KEY_UIStatusBarStyle[sdk=iphonesimulator*]" = UIStatusBarStyleDefault;
				INFOPLIST_KEY_UISupportedInterfaceOrientations = UIInterfaceOrientationPortrait;
				IPHONEOS_DEPLOYMENT_TARGET = 26.4;
				LD_RUNPATH_SEARCH_PATHS = "@executable_path/Frameworks";
				"LD_RUNPATH_SEARCH_PATHS[sdk=macosx*]" = "@executable_path/../Frameworks";
				MARKETING_VERSION = 1.0;
				PRODUCT_BUNDLE_IDENTIFIER = com.smidgecraft.Fil;
				PRODUCT_NAME = "$(TARGET_NAME)";
				PROVISIONING_PROFILE_SPECIFIER = "";
				REGISTER_APP_GROUPS = YES;
				SDKROOT = iphoneos;
				STRING_CATALOG_GENERATE_SYMBOLS = YES;
				SUPPORTED_PLATFORMS = "iphoneos iphonesimulator";
				SWIFT_APPROACHABLE_CONCURRENCY = YES;
				SWIFT_DEFAULT_ACTOR_ISOLATION = MainActor;
				SWIFT_EMIT_LOC_STRINGS = YES;
				SWIFT_UPCOMING_FEATURE_MEMBER_IMPORT_VISIBILITY = YES;
				SWIFT_VERSION = 5.0;
				TARGETED_DEVICE_FAMILY = 1;
			};
			name = Debug;
		};
		D11FBF4B2FA40BDC00FB77E8 /* Release */ = {
			isa = XCBuildConfiguration;
			buildSettings = {
				ASSETCATALOG_COMPILER_APPICON_NAME = AppIcon;
				ASSETCATALOG_COMPILER_GLOBAL_ACCENT_COLOR_NAME = AccentColor;
				ASSETCATALOG_COMPILER_INCLUDE_ALL_APPICON_ASSETS = YES;
				CODE_SIGN_ENTITLEMENTS = Fil/Fil.entitlements;
				CODE_SIGN_IDENTITY = "Apple Development";
				CODE_SIGN_STYLE = Automatic;
				CURRENT_PROJECT_VERSION = 1;
				DEVELOPMENT_TEAM = T89Z7YKXVC;
				ENABLE_APP_SANDBOX = YES;
				ENABLE_HARDENED_RUNTIME = YES;
				ENABLE_PREVIEWS = YES;
				ENABLE_USER_SELECTED_FILES = readonly;
				GENERATE_INFOPLIST_FILE = YES;
				INFOPLIST_FILE = Fil/Info.plist;
				INFOPLIST_KEY_ITSAppUsesNonExemptEncryption = NO;
				INFOPLIST_KEY_NSCameraUsageDescription = "Fil needs camera access so you can add photos to your notes.";
				INFOPLIST_KEY_NSMicrophoneUsageDescription = "Fil needs access to your microphone to record voice notes.";
				INFOPLIST_KEY_NSSpeechRecognitionUsageDescription = "Fil transcribes your voice recordings into text on your device so it can title and save your notes.";
				"INFOPLIST_KEY_UIApplicationSceneManifest_Generation[sdk=iphoneos*]" = YES;
				"INFOPLIST_KEY_UIApplicationSceneManifest_Generation[sdk=iphonesimulator*]" = YES;
				"INFOPLIST_KEY_UIApplicationSupportsIndirectInputEvents[sdk=iphoneos*]" = YES;
				"INFOPLIST_KEY_UIApplicationSupportsIndirectInputEvents[sdk=iphonesimulator*]" = YES;
				"INFOPLIST_KEY_UILaunchScreen_Generation[sdk=iphoneos*]" = YES;
				"INFOPLIST_KEY_UILaunchScreen_Generation[sdk=iphonesimulator*]" = YES;
				"INFOPLIST_KEY_UIStatusBarStyle[sdk=iphoneos*]" = UIStatusBarStyleDefault;
				"INFOPLIST_KEY_UIStatusBarStyle[sdk=iphonesimulator*]" = UIStatusBarStyleDefault;
				INFOPLIST_KEY_UISupportedInterfaceOrientations = UIInterfaceOrientationPortrait;
				IPHONEOS_DEPLOYMENT_TARGET = 26.4;
				LD_RUNPATH_SEARCH_PATHS = "@executable_path/Frameworks";
				"LD_RUNPATH_SEARCH_PATHS[sdk=macosx*]" = "@executable_path/../Frameworks";
				MARKETING_VERSION = 1.0;
				PRODUCT_BUNDLE_IDENTIFIER = com.smidgecraft.Fil;
				PRODUCT_NAME = "$(TARGET_NAME)";
				PROVISIONING_PROFILE_SPECIFIER = "";
				REGISTER_APP_GROUPS = YES;
				SDKROOT = iphoneos;
				STRING_CATALOG_GENERATE_SYMBOLS = YES;
				SUPPORTED_PLATFORMS = "iphoneos iphonesimulator";
				SWIFT_APPROACHABLE_CONCURRENCY = YES;
				SWIFT_DEFAULT_ACTOR_ISOLATION = MainActor;
				SWIFT_EMIT_LOC_STRINGS = YES;
				SWIFT_UPCOMING_FEATURE_MEMBER_IMPORT_VISIBILITY = YES;
				SWIFT_VERSION = 5.0;
				TARGETED_DEVICE_FAMILY = 1;
			};
			name = Release;
		};
		D1AB5A1B2FF476E300D6D5EB /* Debug */ = {
			isa = XCBuildConfiguration;
			buildSettings = {
				ASSETCATALOG_COMPILER_GLOBAL_ACCENT_COLOR_NAME = AccentColor;
				ASSETCATALOG_COMPILER_WIDGET_BACKGROUND_COLOR_NAME = WidgetBackground;
				CODE_SIGN_ENTITLEMENTS = FilPinnedWidgetExtension.entitlements;
				CODE_SIGN_STYLE = Automatic;
				CURRENT_PROJECT_VERSION = 1;
				DEVELOPMENT_TEAM = T89Z7YKXVC;
				GENERATE_INFOPLIST_FILE = YES;
				INFOPLIST_FILE = FilPinnedWidget/Info.plist;
				INFOPLIST_KEY_CFBundleDisplayName = FilPinnedWidget;
				INFOPLIST_KEY_NSHumanReadableCopyright = "";
				IPHONEOS_DEPLOYMENT_TARGET = 26.4;
				LD_RUNPATH_SEARCH_PATHS = (
					"$(inherited)",
					"@executable_path/Frameworks",
					"@executable_path/../../Frameworks",
				);
				MARKETING_VERSION = 1.0;
				PRODUCT_BUNDLE_IDENTIFIER = com.smidgecraft.Fil.FilPinnedWidget;
				PRODUCT_NAME = "$(TARGET_NAME)";
				REGISTER_APP_GROUPS = YES;
				SDKROOT = iphoneos;
				SKIP_INSTALL = YES;
				STRING_CATALOG_GENERATE_SYMBOLS = YES;
				SWIFT_APPROACHABLE_CONCURRENCY = YES;
				SWIFT_EMIT_LOC_STRINGS = YES;
				SWIFT_UPCOMING_FEATURE_MEMBER_IMPORT_VISIBILITY = YES;
				SWIFT_VERSION = 5.0;
				TARGETED_DEVICE_FAMILY = "1,2";
			};
			name = Debug;
		};
		D1AB5A1C2FF476E300D6D5EB /* Release */ = {
			isa = XCBuildConfiguration;
			buildSettings = {
				ASSETCATALOG_COMPILER_GLOBAL_ACCENT_COLOR_NAME = AccentColor;
				ASSETCATALOG_COMPILER_WIDGET_BACKGROUND_COLOR_NAME = WidgetBackground;
				CODE_SIGN_ENTITLEMENTS = FilPinnedWidgetExtension.entitlements;
				CODE_SIGN_STYLE = Automatic;
				CURRENT_PROJECT_VERSION = 1;
				DEVELOPMENT_TEAM = T89Z7YKXVC;
				GENERATE_INFOPLIST_FILE = YES;
				INFOPLIST_FILE = FilPinnedWidget/Info.plist;
				INFOPLIST_KEY_CFBundleDisplayName = FilPinnedWidget;
				INFOPLIST_KEY_NSHumanReadableCopyright = "";
				IPHONEOS_DEPLOYMENT_TARGET = 26.4;
				LD_RUNPATH_SEARCH_PATHS = (
					"$(inherited)",
					"@executable_path/Frameworks",
					"@executable_path/../../Frameworks",
				);
				MARKETING_VERSION = 1.0;
				PRODUCT_BUNDLE_IDENTIFIER = com.smidgecraft.Fil.FilPinnedWidget;
				PRODUCT_NAME = "$(TARGET_NAME)";
				REGISTER_APP_GROUPS = YES;
				SDKROOT = iphoneos;
				SKIP_INSTALL = YES;
				STRING_CATALOG_GENERATE_SYMBOLS = YES;
				SWIFT_APPROACHABLE_CONCURRENCY = YES;
				SWIFT_EMIT_LOC_STRINGS = YES;
				SWIFT_UPCOMING_FEATURE_MEMBER_IMPORT_VISIBILITY = YES;
				SWIFT_VERSION = 5.0;
				TARGETED_DEVICE_FAMILY = "1,2";
				VALIDATE_PRODUCT = YES;
			};
			name = Release;
		};
		D1CB73B12FF491FB00C0E269 /* Debug */ = {
			isa = XCBuildConfiguration;
			buildSettings = {
				CODE_SIGN_ENTITLEMENTS = FilShareExtension/FilShareExtension.entitlements;
				CODE_SIGN_STYLE = Automatic;
				CURRENT_PROJECT_VERSION = 1;
				DEVELOPMENT_TEAM = T89Z7YKXVC;
				GENERATE_INFOPLIST_FILE = YES;
				INFOPLIST_FILE = FilShareExtension/Info.plist;
				INFOPLIST_KEY_CFBundleDisplayName = FilShareExtension;
				INFOPLIST_KEY_NSHumanReadableCopyright = "";
				IPHONEOS_DEPLOYMENT_TARGET = 26.4;
				LD_RUNPATH_SEARCH_PATHS = (
					"$(inherited)",
					"@executable_path/Frameworks",
					"@executable_path/../../Frameworks",
				);
				MARKETING_VERSION = 1.0;
				PRODUCT_BUNDLE_IDENTIFIER = com.smidgecraft.Fil.FilShareExtension;
				PRODUCT_NAME = "$(TARGET_NAME)";
				REGISTER_APP_GROUPS = YES;
				SDKROOT = iphoneos;
				SKIP_INSTALL = YES;
				STRING_CATALOG_GENERATE_SYMBOLS = YES;
				SWIFT_APPROACHABLE_CONCURRENCY = YES;
				SWIFT_EMIT_LOC_STRINGS = YES;
				SWIFT_UPCOMING_FEATURE_MEMBER_IMPORT_VISIBILITY = YES;
				SWIFT_VERSION = 5.0;
				TARGETED_DEVICE_FAMILY = "1,2";
			};
			name = Debug;
		};
		D1CB73B22FF491FB00C0E269 /* Release */ = {
			isa = XCBuildConfiguration;
			buildSettings = {
				CODE_SIGN_ENTITLEMENTS = FilShareExtension/FilShareExtension.entitlements;
				CODE_SIGN_STYLE = Automatic;
				CURRENT_PROJECT_VERSION = 1;
				DEVELOPMENT_TEAM = T89Z7YKXVC;
				GENERATE_INFOPLIST_FILE = YES;
				INFOPLIST_FILE = FilShareExtension/Info.plist;
				INFOPLIST_KEY_CFBundleDisplayName = FilShareExtension;
				INFOPLIST_KEY_NSHumanReadableCopyright = "";
				IPHONEOS_DEPLOYMENT_TARGET = 26.4;
				LD_RUNPATH_SEARCH_PATHS = (
					"$(inherited)",
					"@executable_path/Frameworks",
					"@executable_path/../../Frameworks",
				);
				MARKETING_VERSION = 1.0;
				PRODUCT_BUNDLE_IDENTIFIER = com.smidgecraft.Fil.FilShareExtension;
				PRODUCT_NAME = "$(TARGET_NAME)";
				REGISTER_APP_GROUPS = YES;
				SDKROOT = iphoneos;
				SKIP_INSTALL = YES;
				STRING_CATALOG_GENERATE_SYMBOLS = YES;
				SWIFT_APPROACHABLE_CONCURRENCY = YES;
				SWIFT_EMIT_LOC_STRINGS = YES;
				SWIFT_UPCOMING_FEATURE_MEMBER_IMPORT_VISIBILITY = YES;
				SWIFT_VERSION = 5.0;
				TARGETED_DEVICE_FAMILY = "1,2";
				VALIDATE_PRODUCT = YES;
			};
			name = Release;
		};
/* End XCBuildConfiguration section */

/* Begin XCConfigurationList section */
		D11FBF392FA40BDB00FB77E8 /* Build configuration list for PBXProject "Fil" */ = {
			isa = XCConfigurationList;
			buildConfigurations = (
				D11FBF472FA40BDC00FB77E8 /* Debug */,
				D11FBF482FA40BDC00FB77E8 /* Release */,
			);
			defaultConfigurationIsVisible = 0;
			defaultConfigurationName = Release;
		};
		D11FBF492FA40BDC00FB77E8 /* Build configuration list for PBXNativeTarget "Fil" */ = {
			isa = XCConfigurationList;
			buildConfigurations = (
				D11FBF4A2FA40BDC00FB77E8 /* Debug */,
				D11FBF4B2FA40BDC00FB77E8 /* Release */,
			);
			defaultConfigurationIsVisible = 0;
			defaultConfigurationName = Release;
		};
		D1AB5A1A2FF476E300D6D5EB /* Build configuration list for PBXNativeTarget "FilPinnedWidgetExtension" */ = {
			isa = XCConfigurationList;
			buildConfigurations = (
				D1AB5A1B2FF476E300D6D5EB /* Debug */,
				D1AB5A1C2FF476E300D6D5EB /* Release */,
			);
			defaultConfigurationIsVisible = 0;
			defaultConfigurationName = Release;
		};
		D1CB73B32FF491FB00C0E269 /* Build configuration list for PBXNativeTarget "FilShareExtension" */ = {
			isa = XCConfigurationList;
			buildConfigurations = (
				D1CB73B12FF491FB00C0E269 /* Debug */,
				D1CB73B22FF491FB00C0E269 /* Release */,
			);
			defaultConfigurationIsVisible = 0;
			defaultConfigurationName = Release;
		};
/* End XCConfigurationList section */
	};
	rootObject = D11FBF362FA40BDB00FB77E8 /* Project object */;
}
